
Microsoft Visual Studio Solution File, Format Version 12.00
# Visual Studio Version 16
VisualStudioVersion = 16.0.29503.13
MinimumVisualStudioVersion = 10.0.40219.1
Project("{888888A0-9F3D-457C-B088-3A5042F75D52}") = "SplineDemo", "SplineDemo\SplineDemo.pyproj", "{482247D0-B50F-46D7-8647-8597CE578FDA}"
EndProject
Global
	GlobalSection(SolutionConfigurationPlatforms) = preSolution
		Debug|Any CPU = Debug|Any CPU
		Release|Any CPU = Release|Any CPU
	EndGlobalSection
	GlobalSection(ProjectConfigurationPlatforms) = postSolution
		{482247D0-B50F-46D7-8647-8597CE578FDA}.Debug|Any CPU.ActiveCfg = Debug|Any CPU
		{482247D0-B50F-46D7-8647-8597CE578FDA}.Release|Any CPU.ActiveCfg = Release|Any CPU
	EndGlobalSection
	GlobalSection(SolutionProperties) = preSolution
		HideSolutionNode = FALSE
	EndGlobalSection
	GlobalSection(ExtensibilityGlobals) = postSolution
		SolutionGuid = {6A6B0154-4BD2-4605-B33D-0C234C4B1493}
	EndGlobalSection
EndGlobal
